{
  "originHash" : "c8890639f45d24daeedce9ed058261b62a5b45768e1309684abf8b550fb35aaa",
  "pins" : [
    {
      "identity" : "heartratekit",
      "kind" : "remoteSourceControl",
      "location" : "https://github.com/sphericalwave/HeartRateKit.git",
      "state" : {
        "branch" : "main",
        "revision" : "080f438430eaa84f081e56f24e275e3a4e01dd1f"
      }
    }
  ],
  "version" : 3
}
