{
  "originHash" : "40148ba341223bf24dace900300216f4e8fc08ec1c9fae34e18576ff46842b02",
  "pins" : [
    {
      "identity" : "audioclipkit",
      "kind" : "remoteSourceControl",
      "location" : "https://github.com/sphericalwave/AudioClipKit.git",
      "state" : {
        "branch" : "main",
        "revision" : "de071d0e192f0b4581db6102c85505f15aef5523"
      }
    },
    {
      "identity" : "diagnosticskit",
      "kind" : "remoteSourceControl",
      "location" : "https://github.com/sphericalwave/DiagnosticsKit.git",
      "state" : {
        "branch" : "main",
        "revision" : "ee2af76b9a16c5008f2714b110781edb85260a8b"
      }
    },
    {
      "identity" : "heartratekit",
      "kind" : "remoteSourceControl",
      "location" : "https://github.com/sphericalwave/HeartRateKit.git",
      "state" : {
        "branch" : "main",
        "revision" : "fce947ca0bf81f16379d174e696775e37c3d4108"
      }
    },
    {
      "identity" : "swdesignsystem",
      "kind" : "remoteSourceControl",
      "location" : "https://github.com/sphericalwave/SwDesignSystem.git",
      "state" : {
        "branch" : "main",
        "revision" : "8c8b217c94e5fd59960d44d23007189183c363fb"
      }
    },
    {
      "identity" : "workoutaudiokit",
      "kind" : "remoteSourceControl",
      "location" : "https://github.com/sphericalwave/WorkoutAudioKit.git",
      "state" : {
        "branch" : "main",
        "revision" : "88cf54620a38d1f273b36fa0ff6f7c543b09cf6b"
      }
    }
  ],
  "version" : 3
}
