{
  "originHash" : "f8520a9cd9351e8610a37d01db46bfec0bf612cad565f7976a89b1cf9f159409",
  "pins" : [
    {
      "identity" : "heartratekit",
      "kind" : "remoteSourceControl",
      "location" : "https://github.com/sphericalwave/HeartRateKit.git",
      "state" : {
        "branch" : "main",
        "revision" : "080f438430eaa84f081e56f24e275e3a4e01dd1f"
      }
    },
    {
      "identity" : "swdesignsystem",
      "kind" : "remoteSourceControl",
      "location" : "https://github.com/sphericalwave/SwDesignSystem.git",
      "state" : {
        "branch" : "main",
        "revision" : "8c8b217c94e5fd59960d44d23007189183c363fb"
      }
    }
  ],
  "version" : 3
}
