{
  "originHash" : "f62248b5c1b81ba146c96d1501eae01543ee76c7f9585535d3c4ede75e9746a1",
  "pins" : [
    {
      "identity" : "heartratekit",
      "kind" : "remoteSourceControl",
      "location" : "https://github.com/sphericalwave/HeartRateKit.git",
      "state" : {
        "branch" : "main",
        "revision" : "d2df000827963a9fc401d54200d5172c9d1187f9"
      }
    }
  ],
  "version" : 3
}
