{
  "originHash" : "f9803fc2eb11cf60e9126043fdf376238b41f8469ecc9bc0088b3467ed83b878",
  "pins" : [
    {
      "identity" : "audioclipkit",
      "kind" : "remoteSourceControl",
      "location" : "https://github.com/sphericalwave/AudioClipKit.git",
      "state" : {
        "branch" : "main",
        "revision" : "de071d0e192f0b4581db6102c85505f15aef5523"
      }
    },
    {
      "identity" : "workoutaudiokit",
      "kind" : "remoteSourceControl",
      "location" : "https://github.com/sphericalwave/WorkoutAudioKit.git",
      "state" : {
        "branch" : "main",
        "revision" : "88cf54620a38d1f273b36fa0ff6f7c543b09cf6b"
      }
    }
  ],
  "version" : 3
}
