{
  "originHash" : "19e0b1eab257546bc949940fdb3807d1083ec0de0d6900e9e552b64569042114",
  "pins" : [
    {
      "identity" : "heartratekit",
      "kind" : "remoteSourceControl",
      "location" : "https://github.com/sphericalwave/HeartRateKit.git",
      "state" : {
        "branch" : "main",
        "revision" : "fce947ca0bf81f16379d174e696775e37c3d4108"
      }
    }
  ],
  "version" : 3
}
