// !$*UTF8*$!
{
	archiveVersion = 1;
	classes = {
	};
	objectVersion = 77;
	objects = {

/* Begin PBXBuildFile section */
		40DB5D07A49A1BD5C323A09C /* SessionEngine in Frameworks */ = {isa = PBXBuildFile; productRef = B5B0EA54159D013C2B28EB70 /* SessionEngine */; };
		AFD5010C2FF9AF5100A7C2F6 /* SwDesignSystem in Frameworks */ = {isa = PBXBuildFile; platformFilter = ios; productRef = AFD5010B2FF9AF5100A7C2F6 /* SwDesignSystem */; };
		FB84B4F5724EF66A6B201124 /* AthleteFeatures in Frameworks */ = {isa = PBXBuildFile; platformFilter = ios; productRef = E8319FB2874A0D3A4885AC55 /* AthleteFeatures */; };
		3C1E7A52D9B04F6A8E21B0C1 /* ZoneUI in Frameworks */ = {isa = PBXBuildFile; productRef = 3C1E7A52D9B04F6A8E21B0C3 /* ZoneUI */; };
		5E7A1C40B2D94F1E8A3C6D01 /* Persistence in Frameworks */ = {isa = PBXBuildFile; productRef = 5E7A1C40B2D94F1E8A3C6D03 /* Persistence */; };
/* End PBXBuildFile section */

/* Begin PBXContainerItemProxy section */
		AFB5C34E2FF9AF5100A7C2F6 /* PBXContainerItemProxy */ = {
			isa = PBXContainerItemProxy;
			containerPortal = AFB5C32A2FF9AF4D00A7C2F6 /* Project object */;
			proxyType = 1;
			remoteGlobalIDString = AFB5C3312FF9AF4D00A7C2F6;
			remoteInfo = flow;
		};
/* End PBXContainerItemProxy section */

/* Begin PBXFileReference section */
		AFB5C3322FF9AF4D00A7C2F6 /* flow.app */ = {isa = PBXFileReference; explicitFileType = wrapper.application; includeInIndex = 0; path = flow.app; sourceTree = BUILT_PRODUCTS_DIR; };
		AFB5C34D2FF9AF5100A7C2F6 /* flowUITests.xctest */ = {isa = PBXFileReference; explicitFileType = wrapper.cfbundle; includeInIndex = 0; path = flowUITests.xctest; sourceTree = BUILT_PRODUCTS_DIR; };
/* End PBXFileReference section */

/* Begin PBXFileSystemSynchronizedBuildFileExceptionSet section */
		AFB5C3552FF9AF5100A7C2F6 /* Exceptions for "flow" folder in "flow" target */ = {
			isa = PBXFileSystemSynchronizedBuildFileExceptionSet;
			membershipExceptions = (
				Info.plist,
			);
			platformFiltersByRelativePath = {
				iOS/Health/HealthKitService.swift = (
					ios,
				);
				iOS/Health/WorkoutIntensityService.swift = (
					ios,
				);
				iOS/ViewModels/DashboardViewModel.swift = (
					ios,
				);
				iOS/Views/Intensity/IntensityView.swift = (
					ios,
				);
				iOS/Views/Overview/MetricTile.swift = (
					ios,
				);
				iOS/Views/Overview/OverviewView.swift = (
					ios,
				);
				iOS/Views/Overview/TrendChart.swift = (
					ios,
				);
				iOS/Views/RootView.swift = (
					ios,
				);
				iOS/Views/Settings/SettingsView.swift = (
					ios,
				);
				iOS/flowApp.swift = (
					ios,
				);
				macOS/Views/RootView.swift = (
					macos,
				);
				macOS/flowApp.swift = (
					macos,
				);
			};
			target = AFB5C3312FF9AF4D00A7C2F6 /* flow */;
		};
/* End PBXFileSystemSynchronizedBuildFileExceptionSet section */

/* Begin PBXFileSystemSynchronizedRootGroup section */
		AFB5C3342FF9AF4D00A7C2F6 /* flow */ = {
			isa = PBXFileSystemSynchronizedRootGroup;
			exceptions = (
				AFB5C3552FF9AF5100A7C2F6 /* Exceptions for "flow" folder in "flow" target */,
			);
			path = flow;
			sourceTree = "<group>";
		};
		AFB5C3502FF9AF5100A7C2F6 /* flowUITests */ = {
			isa = PBXFileSystemSynchronizedRootGroup;
			exceptions = (
			);
			path = flowUITests;
			sourceTree = "<group>";
		};
/* End PBXFileSystemSynchronizedRootGroup section */

/* Begin PBXFrameworksBuildPhase section */
		AFB5C32F2FF9AF4D00A7C2F6 /* Frameworks */ = {
			isa = PBXFrameworksBuildPhase;
			buildActionMask = 2147483647;
			files = (
				AFD5010C2FF9AF5100A7C2F6 /* SwDesignSystem in Frameworks */,
				40DB5D07A49A1BD5C323A09C /* SessionEngine in Frameworks */,
				FB84B4F5724EF66A6B201124 /* AthleteFeatures in Frameworks */,
				3C1E7A52D9B04F6A8E21B0C1 /* ZoneUI in Frameworks */,
				5E7A1C40B2D94F1E8A3C6D01 /* Persistence in Frameworks */,
			);
			runOnlyForDeploymentPostprocessing = 0;
		};
		AFB5C34A2FF9AF5100A7C2F6 /* Frameworks */ = {
			isa = PBXFrameworksBuildPhase;
			buildActionMask = 2147483647;
			files = (
			);
			runOnlyForDeploymentPostprocessing = 0;
		};
/* End PBXFrameworksBuildPhase section */

/* Begin PBXGroup section */
		AFB5C3292FF9AF4D00A7C2F6 = {
			isa = PBXGroup;
			children = (
				AFB5C3342FF9AF4D00A7C2F6 /* flow */,
				AFB5C3502FF9AF5100A7C2F6 /* flowUITests */,
				AFB5C3332FF9AF4D00A7C2F6 /* Products */,
			);
			sourceTree = "<group>";
		};
		AFB5C3332FF9AF4D00A7C2F6 /* Products */ = {
			isa = PBXGroup;
			children = (
				AFB5C3322FF9AF4D00A7C2F6 /* flow.app */,
				AFB5C34D2FF9AF5100A7C2F6 /* flowUITests.xctest */,
			);
			name = Products;
			sourceTree = "<group>";
		};
/* End PBXGroup section */

/* Begin PBXNativeTarget section */
		AFB5C3312FF9AF4D00A7C2F6 /* flow */ = {
			isa = PBXNativeTarget;
			buildConfigurationList = AFB5C3562FF9AF5100A7C2F6 /* Build configuration list for PBXNativeTarget "flow" */;
			buildPhases = (
				AFB5C32E2FF9AF4D00A7C2F6 /* Sources */,
				AFB5C32F2FF9AF4D00A7C2F6 /* Frameworks */,
				AFB5C3302FF9AF4D00A7C2F6 /* Resources */,
			);
			buildRules = (
			);
			dependencies = (
			);
			fileSystemSynchronizedGroups = (
				AFB5C3342FF9AF4D00A7C2F6 /* flow */,
			);
			name = flow;
			packageProductDependencies = (
				AFD5010B2FF9AF5100A7C2F6 /* SwDesignSystem */,
				B5B0EA54159D013C2B28EB70 /* SessionEngine */,
				E8319FB2874A0D3A4885AC55 /* AthleteFeatures */,
				3C1E7A52D9B04F6A8E21B0C3 /* ZoneUI */,
				5E7A1C40B2D94F1E8A3C6D03 /* Persistence */,
			);
			productName = flow;
			productReference = AFB5C3322FF9AF4D00A7C2F6 /* flow.app */;
			productType = "com.apple.product-type.application";
		};
		AFB5C34C2FF9AF5100A7C2F6 /* flowUITests */ = {
			isa = PBXNativeTarget;
			buildConfigurationList = AFB5C35E2FF9AF5100A7C2F6 /* Build configuration list for PBXNativeTarget "flowUITests" */;
			buildPhases = (
				AFB5C3492FF9AF5100A7C2F6 /* Sources */,
				AFB5C34A2FF9AF5100A7C2F6 /* Frameworks */,
				AFB5C34B2FF9AF5100A7C2F6 /* Resources */,
			);
			buildRules = (
			);
			dependencies = (
				AFB5C34F2FF9AF5100A7C2F6 /* PBXTargetDependency */,
			);
			fileSystemSynchronizedGroups = (
				AFB5C3502FF9AF5100A7C2F6 /* flowUITests */,
			);
			name = flowUITests;
			productName = flowUITests;
			productReference = AFB5C34D2FF9AF5100A7C2F6 /* flowUITests.xctest */;
			productType = "com.apple.product-type.bundle.ui-testing";
		};
/* End PBXNativeTarget section */

/* Begin PBXProject section */
		AFB5C32A2FF9AF4D00A7C2F6 /* Project object */ = {
			isa = PBXProject;
			attributes = {
				BuildIndependentTargetsInParallel = 1;
				LastSwiftUpdateCheck = 2630;
				LastUpgradeCheck = 2630;
				TargetAttributes = {
					AFB5C3312FF9AF4D00A7C2F6 = {
						CreatedOnToolsVersion = 26.3;
					};
					AFB5C3422FF9AF5100A7C2F6 = {
						CreatedOnToolsVersion = 26.3;
						TestTargetID = AFB5C3312FF9AF4D00A7C2F6;
					};
					AFB5C34C2FF9AF5100A7C2F6 = {
						CreatedOnToolsVersion = 26.3;
						TestTargetID = AFB5C3312FF9AF4D00A7C2F6;
					};
				};
			};
			buildConfigurationList = AFB5C32D2FF9AF4D00A7C2F6 /* Build configuration list for PBXProject "flow" */;
			developmentRegion = en;
			hasScannedForEncodings = 0;
			knownRegions = (
				en,
				Base,
			);
			mainGroup = AFB5C3292FF9AF4D00A7C2F6;
			minimizedProjectReferenceProxies = 1;
			packageReferences = (
				AFD5010A2FF9AF5100A7C2F6 /* XCRemoteSwiftPackageReference "SwDesignSystem" */,
				578109652D664B3840982537 /* XCLocalSwiftPackageReference "SessionEngine" */,
				9FDE2D8EBF900ED6D23FF980 /* XCLocalSwiftPackageReference "AthleteFeatures" */,
				3C1E7A52D9B04F6A8E21B0C2 /* XCLocalSwiftPackageReference "ZoneUI" */,
				5E7A1C40B2D94F1E8A3C6D02 /* XCLocalSwiftPackageReference "Persistence" */,
			);
			preferredProjectObjectVersion = 77;
			productRefGroup = AFB5C3332FF9AF4D00A7C2F6 /* Products */;
			projectDirPath = "";
			projectRoot = "";
			targets = (
				AFB5C3312FF9AF4D00A7C2F6 /* flow */,
				AFB5C34C2FF9AF5100A7C2F6 /* flowUITests */,
			);
		};
/* End PBXProject section */

/* Begin PBXResourcesBuildPhase section */
		AFB5C3302FF9AF4D00A7C2F6 /* Resources */ = {
			isa = PBXResourcesBuildPhase;
			buildActionMask = 2147483647;
			files = (
			);
			runOnlyForDeploymentPostprocessing = 0;
		};
		AFB5C34B2FF9AF5100A7C2F6 /* Resources */ = {
			isa = PBXResourcesBuildPhase;
			buildActionMask = 2147483647;
			files = (
			);
			runOnlyForDeploymentPostprocessing = 0;
		};
/* End PBXResourcesBuildPhase section */

/* Begin PBXSourcesBuildPhase section */
		AFB5C32E2FF9AF4D00A7C2F6 /* Sources */ = {
			isa = PBXSourcesBuildPhase;
			buildActionMask = 2147483647;
			files = (
			);
			runOnlyForDeploymentPostprocessing = 0;
		};
		AFB5C3492FF9AF5100A7C2F6 /* Sources */ = {
			isa = PBXSourcesBuildPhase;
			buildActionMask = 2147483647;
			files = (
			);
			runOnlyForDeploymentPostprocessing = 0;
		};
/* End PBXSourcesBuildPhase section */

/* Begin PBXTargetDependency section */
		AFB5C34F2FF9AF5100A7C2F6 /* PBXTargetDependency */ = {
			isa = PBXTargetDependency;
			target = AFB5C3312FF9AF4D00A7C2F6 /* flow */;
			targetProxy = AFB5C34E2FF9AF5100A7C2F6 /* PBXContainerItemProxy */;
		};
/* End PBXTargetDependency section */

/* Begin XCBuildConfiguration section */
		AFB5C3572FF9AF5100A7C2F6 /* Debug */ = {
			isa = XCBuildConfiguration;
			buildSettings = {
				INFOPLIST_KEY_UILaunchScreen_Generation = NO;
				INFOPLIST_KEY_UILaunchStoryboardName = LaunchScreen;
				ASSETCATALOG_COMPILER_APPICON_NAME = AppIcon;
				ASSETCATALOG_COMPILER_GLOBAL_ACCENT_COLOR_NAME = AccentColor;
				CODE_SIGN_ENTITLEMENTS = flow/flow.entitlements;
				"CODE_SIGN_ENTITLEMENTS[sdk=macosx*]" = "flow/flow-macOS.entitlements";
				CODE_SIGN_STYLE = Automatic;
				CURRENT_PROJECT_VERSION = 1;
				DEVELOPMENT_TEAM = TPR24Z5M9G;
				ENABLE_APP_SANDBOX = YES;
				ENABLE_HARDENED_RUNTIME = YES;
				ENABLE_PREVIEWS = YES;
				ENABLE_USER_SELECTED_FILES = readonly;
				GENERATE_INFOPLIST_FILE = YES;
				INFOPLIST_FILE = flow/Info.plist;
				INFOPLIST_KEY_LSApplicationCategoryType = "public.app-category.healthcare-fitness";
				"INFOPLIST_KEY_UIApplicationSceneManifest_Generation[sdk=iphoneos*]" = YES;
				"INFOPLIST_KEY_UIApplicationSceneManifest_Generation[sdk=iphonesimulator*]" = YES;
				"INFOPLIST_KEY_UIApplicationSupportsIndirectInputEvents[sdk=iphoneos*]" = YES;
				"INFOPLIST_KEY_UIApplicationSupportsIndirectInputEvents[sdk=iphonesimulator*]" = YES;
				"INFOPLIST_KEY_UIStatusBarStyle[sdk=iphoneos*]" = UIStatusBarStyleDefault;
				"INFOPLIST_KEY_UIStatusBarStyle[sdk=iphonesimulator*]" = UIStatusBarStyleDefault;
				INFOPLIST_KEY_UISupportedInterfaceOrientations_iPad = UIInterfaceOrientationPortrait;
				INFOPLIST_KEY_UISupportedInterfaceOrientations_iPhone = UIInterfaceOrientationPortrait;
				IPHONEOS_DEPLOYMENT_TARGET = 26.2;
				LD_RUNPATH_SEARCH_PATHS = "@executable_path/Frameworks";
				"LD_RUNPATH_SEARCH_PATHS[sdk=macosx*]" = "@executable_path/../Frameworks";
				MACOSX_DEPLOYMENT_TARGET = 26.2;
				MARKETING_VERSION = 1.0;
				PRODUCT_BUNDLE_IDENTIFIER = com.sphericalwave.jiujitsu.flow;
				PRODUCT_NAME = "$(TARGET_NAME)";
				REGISTER_APP_GROUPS = YES;
				SDKROOT = auto;
				STRING_CATALOG_GENERATE_SYMBOLS = YES;
				SUPPORTED_PLATFORMS = "iphoneos iphonesimulator macosx";
				SUPPORTS_MACCATALYST = NO;
				SUPPORTS_MAC_DESIGNED_FOR_IPHONE_IPAD = NO;
				SUPPORTS_XR_DESIGNED_FOR_IPHONE_IPAD = NO;
				SWIFT_APPROACHABLE_CONCURRENCY = YES;
				SWIFT_DEFAULT_ACTOR_ISOLATION = MainActor;
				SWIFT_EMIT_LOC_STRINGS = YES;
				SWIFT_UPCOMING_FEATURE_MEMBER_IMPORT_VISIBILITY = YES;
				SWIFT_VERSION = 5.0;
				TARGETED_DEVICE_FAMILY = "1,2";
				XROS_DEPLOYMENT_TARGET = 26.2;
			};
			name = Debug;
		};
		AFB5C3582FF9AF5100A7C2F6 /* Release */ = {
			isa = XCBuildConfiguration;
			buildSettings = {
				INFOPLIST_KEY_UILaunchScreen_Generation = NO;
				INFOPLIST_KEY_UILaunchStoryboardName = LaunchScreen;
				ASSETCATALOG_COMPILER_APPICON_NAME = AppIcon;
				ASSETCATALOG_COMPILER_GLOBAL_ACCENT_COLOR_NAME = AccentColor;
				CODE_SIGN_ENTITLEMENTS = flow/flow.entitlements;
				"CODE_SIGN_ENTITLEMENTS[sdk=macosx*]" = "flow/flow-macOS.entitlements";
				CODE_SIGN_STYLE = Automatic;
				CURRENT_PROJECT_VERSION = 1;
				DEVELOPMENT_TEAM = TPR24Z5M9G;
				ENABLE_APP_SANDBOX = YES;
				ENABLE_HARDENED_RUNTIME = YES;
				ENABLE_PREVIEWS = YES;
				ENABLE_USER_SELECTED_FILES = readonly;
				GENERATE_INFOPLIST_FILE = YES;
				INFOPLIST_FILE = flow/Info.plist;
				INFOPLIST_KEY_LSApplicationCategoryType = "public.app-category.healthcare-fitness";
				"INFOPLIST_KEY_UIApplicationSceneManifest_Generation[sdk=iphoneos*]" = YES;
				"INFOPLIST_KEY_UIApplicationSceneManifest_Generation[sdk=iphonesimulator*]" = YES;
				"INFOPLIST_KEY_UIApplicationSupportsIndirectInputEvents[sdk=iphoneos*]" = YES;
				"INFOPLIST_KEY_UIApplicationSupportsIndirectInputEvents[sdk=iphonesimulator*]" = YES;
				"INFOPLIST_KEY_UIStatusBarStyle[sdk=iphoneos*]" = UIStatusBarStyleDefault;
				"INFOPLIST_KEY_UIStatusBarStyle[sdk=iphonesimulator*]" = UIStatusBarStyleDefault;
				INFOPLIST_KEY_UISupportedInterfaceOrientations_iPad = UIInterfaceOrientationPortrait;
				INFOPLIST_KEY_UISupportedInterfaceOrientations_iPhone = UIInterfaceOrientationPortrait;
				IPHONEOS_DEPLOYMENT_TARGET = 26.2;
				LD_RUNPATH_SEARCH_PATHS = "@executable_path/Frameworks";
				"LD_RUNPATH_SEARCH_PATHS[sdk=macosx*]" = "@executable_path/../Frameworks";
				MACOSX_DEPLOYMENT_TARGET = 26.2;
				MARKETING_VERSION = 1.0;
				PRODUCT_BUNDLE_IDENTIFIER = com.sphericalwave.jiujitsu.flow;
				PRODUCT_NAME = "$(TARGET_NAME)";
				REGISTER_APP_GROUPS = YES;
				SDKROOT = auto;
				STRING_CATALOG_GENERATE_SYMBOLS = YES;
				SUPPORTED_PLATFORMS = "iphoneos iphonesimulator macosx";
				SUPPORTS_MACCATALYST = NO;
				SUPPORTS_MAC_DESIGNED_FOR_IPHONE_IPAD = NO;
				SUPPORTS_XR_DESIGNED_FOR_IPHONE_IPAD = NO;
				SWIFT_APPROACHABLE_CONCURRENCY = YES;
				SWIFT_DEFAULT_ACTOR_ISOLATION = MainActor;
				SWIFT_EMIT_LOC_STRINGS = YES;
				SWIFT_UPCOMING_FEATURE_MEMBER_IMPORT_VISIBILITY = YES;
				SWIFT_VERSION = 5.0;
				TARGETED_DEVICE_FAMILY = "1,2";
				XROS_DEPLOYMENT_TARGET = 26.2;
			};
			name = Release;
		};
		AFB5C3592FF9AF5100A7C2F6 /* Debug */ = {
			isa = XCBuildConfiguration;
			buildSettings = {
				ALWAYS_SEARCH_USER_PATHS = NO;
				ASSETCATALOG_COMPILER_GENERATE_SWIFT_ASSET_SYMBOL_EXTENSIONS = YES;
				CLANG_ANALYZER_NONNULL = YES;
				CLANG_ANALYZER_NUMBER_OBJECT_CONVERSION = YES_AGGRESSIVE;
				CLANG_CXX_LANGUAGE_STANDARD = "gnu++20";
				CLANG_ENABLE_MODULES = YES;
				CLANG_ENABLE_OBJC_ARC = YES;
				CLANG_ENABLE_OBJC_WEAK = YES;
				CLANG_WARN_BLOCK_CAPTURE_AUTORELEASING = YES;
				CLANG_WARN_BOOL_CONVERSION = YES;
				CLANG_WARN_COMMA = YES;
				CLANG_WARN_CONSTANT_CONVERSION = YES;
				CLANG_WARN_DEPRECATED_OBJC_IMPLEMENTATIONS = YES;
				CLANG_WARN_DIRECT_OBJC_ISA_USAGE = YES_ERROR;
				CLANG_WARN_DOCUMENTATION_COMMENTS = YES;
				CLANG_WARN_EMPTY_BODY = YES;
				CLANG_WARN_ENUM_CONVERSION = YES;
				CLANG_WARN_INFINITE_RECURSION = YES;
				CLANG_WARN_INT_CONVERSION = YES;
				CLANG_WARN_NON_LITERAL_NULL_CONVERSION = YES;
				CLANG_WARN_OBJC_IMPLICIT_RETAIN_SELF = YES;
				CLANG_WARN_OBJC_LITERAL_CONVERSION = YES;
				CLANG_WARN_OBJC_ROOT_CLASS = YES_ERROR;
				CLANG_WARN_QUOTED_INCLUDE_IN_FRAMEWORK_HEADER = YES;
				CLANG_WARN_RANGE_LOOP_ANALYSIS = YES;
				CLANG_WARN_STRICT_PROTOTYPES = YES;
				CLANG_WARN_SUSPICIOUS_MOVE = YES;
				CLANG_WARN_UNGUARDED_AVAILABILITY = YES_AGGRESSIVE;
				CLANG_WARN_UNREACHABLE_CODE = YES;
				CLANG_WARN__DUPLICATE_METHOD_MATCH = YES;
				COPY_PHASE_STRIP = NO;
				DEBUG_INFORMATION_FORMAT = dwarf;
				DEVELOPMENT_TEAM = TPR24Z5M9G;
				ENABLE_STRICT_OBJC_MSGSEND = YES;
				ENABLE_TESTABILITY = YES;
				ENABLE_USER_SCRIPT_SANDBOXING = YES;
				GCC_C_LANGUAGE_STANDARD = gnu17;
				GCC_DYNAMIC_NO_PIC = NO;
				GCC_NO_COMMON_BLOCKS = YES;
				GCC_OPTIMIZATION_LEVEL = 0;
				GCC_PREPROCESSOR_DEFINITIONS = (
					"DEBUG=1",
					"$(inherited)",
				);
				GCC_WARN_64_TO_32_BIT_CONVERSION = YES;
				GCC_WARN_ABOUT_RETURN_TYPE = YES_ERROR;
				GCC_WARN_UNDECLARED_SELECTOR = YES;
				GCC_WARN_UNINITIALIZED_AUTOS = YES_AGGRESSIVE;
				GCC_WARN_UNUSED_FUNCTION = YES;
				GCC_WARN_UNUSED_VARIABLE = YES;
				LOCALIZATION_PREFERS_STRING_CATALOGS = YES;
				MTL_ENABLE_DEBUG_INFO = INCLUDE_SOURCE;
				MTL_FAST_MATH = YES;
				ONLY_ACTIVE_ARCH = YES;
				SWIFT_ACTIVE_COMPILATION_CONDITIONS = "DEBUG $(inherited)";
				SWIFT_OPTIMIZATION_LEVEL = "-Onone";
			};
			name = Debug;
		};
		AFB5C35A2FF9AF5100A7C2F6 /* Release */ = {
			isa = XCBuildConfiguration;
			buildSettings = {
				ALWAYS_SEARCH_USER_PATHS = NO;
				ASSETCATALOG_COMPILER_GENERATE_SWIFT_ASSET_SYMBOL_EXTENSIONS = YES;
				CLANG_ANALYZER_NONNULL = YES;
				CLANG_ANALYZER_NUMBER_OBJECT_CONVERSION = YES_AGGRESSIVE;
				CLANG_CXX_LANGUAGE_STANDARD = "gnu++20";
				CLANG_ENABLE_MODULES = YES;
				CLANG_ENABLE_OBJC_ARC = YES;
				CLANG_ENABLE_OBJC_WEAK = YES;
				CLANG_WARN_BLOCK_CAPTURE_AUTORELEASING = YES;
				CLANG_WARN_BOOL_CONVERSION = YES;
				CLANG_WARN_COMMA = YES;
				CLANG_WARN_CONSTANT_CONVERSION = YES;
				CLANG_WARN_DEPRECATED_OBJC_IMPLEMENTATIONS = YES;
				CLANG_WARN_DIRECT_OBJC_ISA_USAGE = YES_ERROR;
				CLANG_WARN_DOCUMENTATION_COMMENTS = YES;
				CLANG_WARN_EMPTY_BODY = YES;
				CLANG_WARN_ENUM_CONVERSION = YES;
				CLANG_WARN_INFINITE_RECURSION = YES;
				CLANG_WARN_INT_CONVERSION = YES;
				CLANG_WARN_NON_LITERAL_NULL_CONVERSION = YES;
				CLANG_WARN_OBJC_IMPLICIT_RETAIN_SELF = YES;
				CLANG_WARN_OBJC_LITERAL_CONVERSION = YES;
				CLANG_WARN_OBJC_ROOT_CLASS = YES_ERROR;
				CLANG_WARN_QUOTED_INCLUDE_IN_FRAMEWORK_HEADER = YES;
				CLANG_WARN_RANGE_LOOP_ANALYSIS = YES;
				CLANG_WARN_STRICT_PROTOTYPES = YES;
				CLANG_WARN_SUSPICIOUS_MOVE = YES;
				CLANG_WARN_UNGUARDED_AVAILABILITY = YES_AGGRESSIVE;
				CLANG_WARN_UNREACHABLE_CODE = YES;
				CLANG_WARN__DUPLICATE_METHOD_MATCH = YES;
				COPY_PHASE_STRIP = NO;
				DEBUG_INFORMATION_FORMAT = "dwarf-with-dsym";
				DEVELOPMENT_TEAM = TPR24Z5M9G;
				ENABLE_NS_ASSERTIONS = NO;
				ENABLE_STRICT_OBJC_MSGSEND = YES;
				ENABLE_USER_SCRIPT_SANDBOXING = YES;
				GCC_C_LANGUAGE_STANDARD = gnu17;
				GCC_NO_COMMON_BLOCKS = YES;
				GCC_WARN_64_TO_32_BIT_CONVERSION = YES;
				GCC_WARN_ABOUT_RETURN_TYPE = YES_ERROR;
				GCC_WARN_UNDECLARED_SELECTOR = YES;
				GCC_WARN_UNINITIALIZED_AUTOS = YES_AGGRESSIVE;
				GCC_WARN_UNUSED_FUNCTION = YES;
				GCC_WARN_UNUSED_VARIABLE = YES;
				LOCALIZATION_PREFERS_STRING_CATALOGS = YES;
				MTL_ENABLE_DEBUG_INFO = NO;
				MTL_FAST_MATH = YES;
				SWIFT_COMPILATION_MODE = wholemodule;
			};
			name = Release;
		};
		AFB5C35F2FF9AF5100A7C2F6 /* Debug */ = {
			isa = XCBuildConfiguration;
			buildSettings = {
				CODE_SIGN_STYLE = Automatic;
				CURRENT_PROJECT_VERSION = 1;
				DEVELOPMENT_TEAM = TPR24Z5M9G;
				GENERATE_INFOPLIST_FILE = YES;
				IPHONEOS_DEPLOYMENT_TARGET = 26.2;
				MACOSX_DEPLOYMENT_TARGET = 26.2;
				MARKETING_VERSION = 1.0;
				PRODUCT_BUNDLE_IDENTIFIER = com.sphericalwave.jiujitsu.flowUITests;
				PRODUCT_NAME = "$(TARGET_NAME)";
				SDKROOT = iphoneos;
				STRING_CATALOG_GENERATE_SYMBOLS = NO;
				SUPPORTED_PLATFORMS = "iphoneos iphonesimulator";
				SWIFT_APPROACHABLE_CONCURRENCY = YES;
				SWIFT_EMIT_LOC_STRINGS = NO;
				SWIFT_UPCOMING_FEATURE_MEMBER_IMPORT_VISIBILITY = YES;
				SWIFT_VERSION = 5.0;
				TARGETED_DEVICE_FAMILY = "1,2";
				TEST_TARGET_NAME = flow;
				XROS_DEPLOYMENT_TARGET = 26.2;
			};
			name = Debug;
		};
		AFB5C3602FF9AF5100A7C2F6 /* Release */ = {
			isa = XCBuildConfiguration;
			buildSettings = {
				CODE_SIGN_STYLE = Automatic;
				CURRENT_PROJECT_VERSION = 1;
				DEVELOPMENT_TEAM = TPR24Z5M9G;
				GENERATE_INFOPLIST_FILE = YES;
				IPHONEOS_DEPLOYMENT_TARGET = 26.2;
				MACOSX_DEPLOYMENT_TARGET = 26.2;
				MARKETING_VERSION = 1.0;
				PRODUCT_BUNDLE_IDENTIFIER = com.sphericalwave.jiujitsu.flowUITests;
				PRODUCT_NAME = "$(TARGET_NAME)";
				SDKROOT = iphoneos;
				STRING_CATALOG_GENERATE_SYMBOLS = NO;
				SUPPORTED_PLATFORMS = "iphoneos iphonesimulator";
				SWIFT_APPROACHABLE_CONCURRENCY = YES;
				SWIFT_EMIT_LOC_STRINGS = NO;
				SWIFT_UPCOMING_FEATURE_MEMBER_IMPORT_VISIBILITY = YES;
				SWIFT_VERSION = 5.0;
				TARGETED_DEVICE_FAMILY = "1,2";
				TEST_TARGET_NAME = flow;
				XROS_DEPLOYMENT_TARGET = 26.2;
			};
			name = Release;
		};
/* End XCBuildConfiguration section */

/* Begin XCConfigurationList section */
		AFB5C32D2FF9AF4D00A7C2F6 /* Build configuration list for PBXProject "flow" */ = {
			isa = XCConfigurationList;
			buildConfigurations = (
				AFB5C3592FF9AF5100A7C2F6 /* Debug */,
				AFB5C35A2FF9AF5100A7C2F6 /* Release */,
			);
			defaultConfigurationIsVisible = 0;
			defaultConfigurationName = Release;
		};
		AFB5C3562FF9AF5100A7C2F6 /* Build configuration list for PBXNativeTarget "flow" */ = {
			isa = XCConfigurationList;
			buildConfigurations = (
				AFB5C3572FF9AF5100A7C2F6 /* Debug */,
				AFB5C3582FF9AF5100A7C2F6 /* Release */,
			);
			defaultConfigurationIsVisible = 0;
			defaultConfigurationName = Release;
		};
		AFB5C35E2FF9AF5100A7C2F6 /* Build configuration list for PBXNativeTarget "flowUITests" */ = {
			isa = XCConfigurationList;
			buildConfigurations = (
				AFB5C35F2FF9AF5100A7C2F6 /* Debug */,
				AFB5C3602FF9AF5100A7C2F6 /* Release */,
			);
			defaultConfigurationIsVisible = 0;
			defaultConfigurationName = Release;
		};
/* End XCConfigurationList section */

/* Begin XCLocalSwiftPackageReference section */
		578109652D664B3840982537 /* XCLocalSwiftPackageReference "SessionEngine" */ = {
			isa = XCLocalSwiftPackageReference;
			relativePath = Packages/SessionEngine;
		};
		9FDE2D8EBF900ED6D23FF980 /* XCLocalSwiftPackageReference "AthleteFeatures" */ = {
			isa = XCLocalSwiftPackageReference;
			relativePath = Packages/AthleteFeatures;
		};
		3C1E7A52D9B04F6A8E21B0C2 /* XCLocalSwiftPackageReference "ZoneUI" */ = {
			isa = XCLocalSwiftPackageReference;
			relativePath = Packages/ZoneUI;
		};
		5E7A1C40B2D94F1E8A3C6D02 /* XCLocalSwiftPackageReference "Persistence" */ = {
			isa = XCLocalSwiftPackageReference;
			relativePath = Packages/Persistence;
		};
/* End XCLocalSwiftPackageReference section */

/* Begin XCRemoteSwiftPackageReference section */
		AFD5010A2FF9AF5100A7C2F6 /* XCRemoteSwiftPackageReference "SwDesignSystem" */ = {
			isa = XCRemoteSwiftPackageReference;
			repositoryURL = "https://github.com/sphericalwave/SwDesignSystem.git";
			requirement = {
				branch = main;
				kind = branch;
			};
		};
/* End XCRemoteSwiftPackageReference section */

/* Begin XCSwiftPackageProductDependency section */
		AFD5010B2FF9AF5100A7C2F6 /* SwDesignSystem */ = {
			isa = XCSwiftPackageProductDependency;
			package = AFD5010A2FF9AF5100A7C2F6 /* XCRemoteSwiftPackageReference "SwDesignSystem" */;
			productName = SwDesignSystem;
		};
		B5B0EA54159D013C2B28EB70 /* SessionEngine */ = {
			isa = XCSwiftPackageProductDependency;
			package = 578109652D664B3840982537 /* XCLocalSwiftPackageReference "SessionEngine" */;
			productName = SessionEngine;
		};
		E8319FB2874A0D3A4885AC55 /* AthleteFeatures */ = {
			isa = XCSwiftPackageProductDependency;
			package = 9FDE2D8EBF900ED6D23FF980 /* XCLocalSwiftPackageReference "AthleteFeatures" */;
			productName = AthleteFeatures;
		};
		3C1E7A52D9B04F6A8E21B0C3 /* ZoneUI */ = {
			isa = XCSwiftPackageProductDependency;
			package = 3C1E7A52D9B04F6A8E21B0C2 /* XCLocalSwiftPackageReference "ZoneUI" */;
			productName = ZoneUI;
		};
		5E7A1C40B2D94F1E8A3C6D03 /* Persistence */ = {
			isa = XCSwiftPackageProductDependency;
			package = 5E7A1C40B2D94F1E8A3C6D02 /* XCLocalSwiftPackageReference "Persistence" */;
			productName = Persistence;
		};
/* End XCSwiftPackageProductDependency section */
	};
	rootObject = AFB5C32A2FF9AF4D00A7C2F6 /* Project object */;
}
